<?xml version="1.0" encoding="utf-8"?>
<Project ToolsVersion="4.0" xmlns="http://schemas.microsoft.com/developer/msbuild/2003">
  <ItemGroup>
    <CudaCompile Include="exercise1.cu" />
    <CudaCompile Include="kernel.cu" />
    <CudaCompile Include="unique_index_calc.cu" />
    <CudaCompile Include="properties.cu" />
  </ItemGroup>
  <ItemGroup>
    <ClCompile Include="common.cpp" />
  </ItemGroup>
  <ItemGroup>
    <ClInclude Include="common.h" />
    <ClInclude Include="cuda_common.cuh" />
  </ItemGroup>
</Project>